
Microsoft Visual Studio Solution File, Format Version 12.00
# Visual Studio Version 17
VisualStudioVersion = 17.8.34322.80
MinimumVisualStudioVersion = 10.0.40219.1
Project("{FAE04EC0-301F-11D3-BF4B-00C04F79EFBC}") = "GH_GitBasics_Ronda", "GH_GitBasics_Ronda.csproj", "{CD256972-6204-4C7D-BE6D-1D37A6583BE9}"
EndProject
Global
	GlobalSection(SolutionConfigurationPlatforms) = preSolution
		Debug|Any CPU = Debug|Any CPU
		Release|Any CPU = Release|Any CPU
	EndGlobalSection
	GlobalSection(ProjectConfigurationPlatforms) = postSolution
		{CD256972-6204-4C7D-BE6D-1D37A6583BE9}.Debug|Any CPU.ActiveCfg = Debug|Any CPU
		{CD256972-6204-4C7D-BE6D-1D37A6583BE9}.Debug|Any CPU.Build.0 = Debug|Any CPU
		{CD256972-6204-4C7D-BE6D-1D37A6583BE9}.Release|Any CPU.ActiveCfg = Release|Any CPU
		{CD256972-6204-4C7D-BE6D-1D37A6583BE9}.Release|Any CPU.Build.0 = Release|Any CPU
	EndGlobalSection
	GlobalSection(SolutionProperties) = preSolution
		HideSolutionNode = FALSE
	EndGlobalSection
	GlobalSection(ExtensibilityGlobals) = postSolution
		SolutionGuid = {4F6872CE-D563-4590-BCCD-90F03D00BDC1}
	EndGlobalSection
EndGlobal
